[{<<"cowlib">>,
  {git,"https://github.com/ninenines/cowlib",
       {ref,"c6553f8308a2ca5dcd69d845f0a7d098c40c3363"}},
  2},
 {<<"ecpool">>,
  {git,"https://github.com/emqx/ecpool",
       {ref,"d01b8cb99af90bc177eeeabe29075133db878fb3"}},
  1},
 {<<"ehttpc">>,
  {git,"https://github.com/emqx/ehttpc",
       {ref,"be6b99357fc3f7dabc42ba46489e13e3fd83d069"}},
  0},
 {<<"gproc">>,
  {git,"https://github.com/uwiger/gproc",
       {ref,"3737f2b958a5908d7a3870046ae162c5b9bf971c"}},
  1},
 {<<"gun">>,
  {git,"https://github.com/emqx/gun",
       {ref,"4faea40b9a8ca1eac5288355f8202e0cea379d50"}},
  1},
 {<<"influxdb">>,
  {git,"https://github.com/emqx/influxdb-client-erl",
       {ref,"135fb24e989f3bed2ca46af1cc31d701881be84a"}},
  0},
 {<<"snabbkaffe">>,
  {git,"https://github.com/kafka4beam/snabbkaffe.git",
       {ref,"e05f6c5f231f478e5ce15e6ea5007101ea65c73d"}},
  1}].
